
Microsoft Visual Studio Solution File, Format Version 12.00
# Visual Studio Version 16
VisualStudioVersion = 16.0.808.0
MinimumVisualStudioVersion = 10.0.40219.1
Project("{FAE04EC0-301F-11D3-BF4B-00C04F79EFBC}") = "Source", "Source\Source.csproj", "{D7A8B066-8622-43A6-BB22-62B124C5BABB}"
EndProject
Project("{2150E333-8FDC-42A3-9474-1A3956D46DE8}") = "Solution Items", "Solution Items", "{0F956FA1-D804-4953-9787-44647650026B}"
	ProjectSection(SolutionItems) = preProject
		.editorconfig = .editorconfig
	EndProjectSection
EndProject
Global
	GlobalSection(SolutionConfigurationPlatforms) = preSolution
		Debug|Any CPU = Debug|Any CPU
		Release|Any CPU = Release|Any CPU
	EndGlobalSection
	GlobalSection(ProjectConfigurationPlatforms) = postSolution
		{D7A8B066-8622-43A6-BB22-62B124C5BABB}.Debug|Any CPU.ActiveCfg = Debug|Any CPU
		{D7A8B066-8622-43A6-BB22-62B124C5BABB}.Debug|Any CPU.Build.0 = Debug|Any CPU
		{D7A8B066-8622-43A6-BB22-62B124C5BABB}.Release|Any CPU.ActiveCfg = Release|Any CPU
		{D7A8B066-8622-43A6-BB22-62B124C5BABB}.Release|Any CPU.Build.0 = Release|Any CPU
	EndGlobalSection
	GlobalSection(SolutionProperties) = preSolution
		HideSolutionNode = FALSE
	EndGlobalSection
	GlobalSection(ExtensibilityGlobals) = postSolution
		SolutionGuid = {2C92963D-6771-4FE9-B228-EE115D2AB13A}
	EndGlobalSection
EndGlobal
